
Microsoft Visual Studio Solution File, Format Version 12.00
# Visual Studio Version 17
VisualStudioVersion = 17.8.34511.84
MinimumVisualStudioVersion = 10.0.40219.1
Project("{8BC9CEB8-8B4A-11D0-8D11-00A0C91BC942}") = "MyString", "MyString.vcxproj", "{563D2321-6054-4C6C-A55F-8D1248186853}"
EndProject
Global
	GlobalSection(SolutionConfigurationPlatforms) = preSolution
		Debug|x64 = Debug|x64
		Debug|x86 = Debug|x86
		Release|x64 = Release|x64
		Release|x86 = Release|x86
	EndGlobalSection
	GlobalSection(ProjectConfigurationPlatforms) = postSolution
		{563D2321-6054-4C6C-A55F-8D1248186853}.Debug|x64.ActiveCfg = Debug|x64
		{563D2321-6054-4C6C-A55F-8D1248186853}.Debug|x64.Build.0 = Debug|x64
		{563D2321-6054-4C6C-A55F-8D1248186853}.Debug|x86.ActiveCfg = Debug|Win32
		{563D2321-6054-4C6C-A55F-8D1248186853}.Debug|x86.Build.0 = Debug|Win32
		{563D2321-6054-4C6C-A55F-8D1248186853}.Release|x64.ActiveCfg = Release|x64
		{563D2321-6054-4C6C-A55F-8D1248186853}.Release|x64.Build.0 = Release|x64
		{563D2321-6054-4C6C-A55F-8D1248186853}.Release|x86.ActiveCfg = Release|Win32
		{563D2321-6054-4C6C-A55F-8D1248186853}.Release|x86.Build.0 = Release|Win32
	EndGlobalSection
	GlobalSection(SolutionProperties) = preSolution
		HideSolutionNode = FALSE
	EndGlobalSection
	GlobalSection(ExtensibilityGlobals) = postSolution
		SolutionGuid = {D605846C-FA69-44EC-A467-8D23F98C35DD}
	EndGlobalSection
EndGlobal
